
Microsoft Visual Studio Solution File, Format Version 12.00
# Visual Studio Version 17
VisualStudioVersion = 17.9.34607.119
MinimumVisualStudioVersion = 10.0.40219.1
Project("{FAE04EC0-301F-11D3-BF4B-00C04F79EFBC}") = "Task Manager", "Task Manager\Task Manager.csproj", "{643CDF9F-6CC6-4E8F-868C-891F06181708}"
EndProject
Global
	GlobalSection(SolutionConfigurationPlatforms) = preSolution
		Debug|Any CPU = Debug|Any CPU
		Release|Any CPU = Release|Any CPU
	EndGlobalSection
	GlobalSection(ProjectConfigurationPlatforms) = postSolution
		{643CDF9F-6CC6-4E8F-868C-891F06181708}.Debug|Any CPU.ActiveCfg = Debug|Any CPU
		{643CDF9F-6CC6-4E8F-868C-891F06181708}.Debug|Any CPU.Build.0 = Debug|Any CPU
		{643CDF9F-6CC6-4E8F-868C-891F06181708}.Release|Any CPU.ActiveCfg = Release|Any CPU
		{643CDF9F-6CC6-4E8F-868C-891F06181708}.Release|Any CPU.Build.0 = Release|Any CPU
	EndGlobalSection
	GlobalSection(SolutionProperties) = preSolution
		HideSolutionNode = FALSE
	EndGlobalSection
	GlobalSection(ExtensibilityGlobals) = postSolution
		SolutionGuid = {5D37C24C-F82D-49F0-9AC7-C99B498D4E1F}
	EndGlobalSection
EndGlobal
